
Microsoft Visual Studio Solution File, Format Version 12.00
# Visual Studio Version 17
VisualStudioVersion = 17.11.35208.52
MinimumVisualStudioVersion = 10.0.40219.1
Project("{FAE04EC0-301F-11D3-BF4B-00C04F79EFBC}") = "Client", "Core\Client.csproj", "{05AB12D4-2A6A-45FF-B123-A33D0D6618E3}"
EndProject
Project("{FAE04EC0-301F-11D3-BF4B-00C04F79EFBC}") = "Server", "Server\Server.csproj", "{2552D215-0A0B-4471-9416-C5F202B244CD}"
EndProject
Project("{FAE04EC0-301F-11D3-BF4B-00C04F79EFBC}") = "EngineLibrary", "EngineLibrary\EngineLibrary.csproj", "{36EE5FFE-75C5-4242-B251-0991E11EB42B}"
EndProject
Project("{FAE04EC0-301F-11D3-BF4B-00C04F79EFBC}") = "Engine", "Engine\Engine.csproj", "{82318CC6-07AF-4A2A-8433-2EC06D0F88FF}"
EndProject
Global
	GlobalSection(SolutionConfigurationPlatforms) = preSolution
		Debug|Any CPU = Debug|Any CPU
		Release|Any CPU = Release|Any CPU
	EndGlobalSection
	GlobalSection(ProjectConfigurationPlatforms) = postSolution
		{05AB12D4-2A6A-45FF-B123-A33D0D6618E3}.Debug|Any CPU.ActiveCfg = Debug|Any CPU
		{05AB12D4-2A6A-45FF-B123-A33D0D6618E3}.Debug|Any CPU.Build.0 = Debug|Any CPU
		{05AB12D4-2A6A-45FF-B123-A33D0D6618E3}.Release|Any CPU.ActiveCfg = Release|Any CPU
		{05AB12D4-2A6A-45FF-B123-A33D0D6618E3}.Release|Any CPU.Build.0 = Release|Any CPU
		{2552D215-0A0B-4471-9416-C5F202B244CD}.Debug|Any CPU.ActiveCfg = Debug|Any CPU
		{2552D215-0A0B-4471-9416-C5F202B244CD}.Debug|Any CPU.Build.0 = Debug|Any CPU
		{2552D215-0A0B-4471-9416-C5F202B244CD}.Release|Any CPU.ActiveCfg = Release|Any CPU
		{2552D215-0A0B-4471-9416-C5F202B244CD}.Release|Any CPU.Build.0 = Release|Any CPU
		{36EE5FFE-75C5-4242-B251-0991E11EB42B}.Debug|Any CPU.ActiveCfg = Debug|Any CPU
		{36EE5FFE-75C5-4242-B251-0991E11EB42B}.Debug|Any CPU.Build.0 = Debug|Any CPU
		{36EE5FFE-75C5-4242-B251-0991E11EB42B}.Release|Any CPU.ActiveCfg = Release|Any CPU
		{36EE5FFE-75C5-4242-B251-0991E11EB42B}.Release|Any CPU.Build.0 = Release|Any CPU
		{82318CC6-07AF-4A2A-8433-2EC06D0F88FF}.Debug|Any CPU.ActiveCfg = Debug|Any CPU
		{82318CC6-07AF-4A2A-8433-2EC06D0F88FF}.Debug|Any CPU.Build.0 = Debug|Any CPU
		{82318CC6-07AF-4A2A-8433-2EC06D0F88FF}.Release|Any CPU.ActiveCfg = Release|Any CPU
		{82318CC6-07AF-4A2A-8433-2EC06D0F88FF}.Release|Any CPU.Build.0 = Release|Any CPU
	EndGlobalSection
	GlobalSection(SolutionProperties) = preSolution
		HideSolutionNode = FALSE
	EndGlobalSection
	GlobalSection(ExtensibilityGlobals) = postSolution
		SolutionGuid = {62F574C0-FEF1-4196-9458-81259099D8DB}
	EndGlobalSection
EndGlobal
